github.com/GZhonghui/GoMod v1.0.1 h1:TyItp6zCETGYNOYSPnrXsleBXVo4HurdXnOvV38LRE8=
github.com/GZhonghui/GoMod v1.0.1/go.mod h1:FDwsDkHzp2qooVcb9Xub5X/r0KktVxOzt7buYInskr0=
github.com/GZhonghui/GoMod/v2 v2.1.1 h1:QtTdDMorDfxbrulCGRVgP9dgALd2w1PxKspau40QNDo=
github.com/GZhonghui/GoMod/v2 v2.1.1/go.mod h1:PNUUb+IYFUgNHlU61YgfpFQ23b6Pl3xtYEgFI//5958=
